
Microsoft Visual Studio Solution File, Format Version 12.00
# Visual Studio Version 17
VisualStudioVersion = 17.2.32616.157
MinimumVisualStudioVersion = 10.0.40219.1
Project("{9A19103F-16F7-4668-BE54-9A1E7A4F7556}") = "Lyrox.Framework", "Lyrox.Framework\Lyrox.Framework.csproj", "{AD331733-18B0-4280-B0C8-F3BAEB4C9D46}"
EndProject
Project("{9A19103F-16F7-4668-BE54-9A1E7A4F7556}") = "Lyrox.Bot.Console", "Lyrox.Bot.Console\Lyrox.Bot.Console.csproj", "{E295199D-58E7-46E5-AC05-F72DE61CBD81}"
EndProject
Project("{9A19103F-16F7-4668-BE54-9A1E7A4F7556}") = "Lyrox.Framework.Networking", "Lyrox.Framework.Networking\Lyrox.Framework.Networking.csproj", "{145E13A0-059E-43C1-A9A7-B6423D8CD30F}"
EndProject
Project("{9A19103F-16F7-4668-BE54-9A1E7A4F7556}") = "Lyrox.Framework.Core", "Lyrox.Framework.Core\Lyrox.Framework.Core.csproj", "{23A69C27-E1AC-4B19-AAA8-5FD047929958}"
EndProject
Project("{9A19103F-16F7-4668-BE54-9A1E7A4F7556}") = "Lyrox.Framework.World", "Lyrox.Framework.WorldData\Lyrox.Framework.World.csproj", "{5D4BD8F1-5668-451B-9785-AF66E2060B93}"
EndProject
Project("{9A19103F-16F7-4668-BE54-9A1E7A4F7556}") = "Lyrox.Framework.Chat", "Lyrox.Framework.Chat\Lyrox.Framework.Chat.csproj", "{706C8993-C7C8-4676-BA59-E095FA3D181F}"
EndProject
Project("{9A19103F-16F7-4668-BE54-9A1E7A4F7556}") = "Lyrox.Framework.Shared", "Lyrox.Framework.Shared\Lyrox.Framework.Shared.csproj", "{7A4081CA-AB9A-4C50-86C5-1527B10AD658}"
EndProject
Project("{2150E333-8FDC-42A3-9474-1A3956D46DE8}") = "Solution Items", "Solution Items", "{17D1F455-9732-4A42-A222-C6D9B78A0E8F}"
	ProjectSection(SolutionItems) = preProject
		.editorconfig = .editorconfig
	EndProjectSection
EndProject
Project("{2150E333-8FDC-42A3-9474-1A3956D46DE8}") = "Framework", "Framework", "{BA32D88F-714D-4EB4-8FE7-BDB6D91AB909}"
EndProject
Project("{2150E333-8FDC-42A3-9474-1A3956D46DE8}") = "Bot", "Bot", "{D942D6DE-6CF7-4D16-899F-1AE90E76A141}"
EndProject
Project("{9A19103F-16F7-4668-BE54-9A1E7A4F7556}") = "Lyrox.Framework.Actions", "Lyrox.Framework.Actions\Lyrox.Framework.Actions.csproj", "{FD5B1ECF-9209-4BB6-B3FC-24059510D740}"
EndProject
Project("{9A19103F-16F7-4668-BE54-9A1E7A4F7556}") = "Lyrox.Framework.Player", "Lyrox.Framework.Movement\Lyrox.Framework.Player.csproj", "{00260B73-730B-4F0E-8061-E5772ECE873C}"
EndProject
Project("{9A19103F-16F7-4668-BE54-9A1E7A4F7556}") = "Lyrox.Framework.Inventory", "Lyrox.Framework.Inventory\Lyrox.Framework.Inventory.csproj", "{686ED6C9-7575-41C4-8493-DF2D8BD6C6E7}"
EndProject
Project("{9A19103F-16F7-4668-BE54-9A1E7A4F7556}") = "Lyrox.Framework.Networking.Mojang", "Lyrox.Framework.Networking.Mojang\Lyrox.Framework.Networking.Mojang.csproj", "{4CEE93F5-D94B-42FC-BB99-927E92AAAAF3}"
EndProject
Project("{2150E333-8FDC-42A3-9474-1A3956D46DE8}") = "Networking", "Networking", "{A874C7B9-A9D6-4201-8B09-518A6168952D}"
EndProject
Project("{9A19103F-16F7-4668-BE54-9A1E7A4F7556}") = "Lyrox.Framework.PathFinding", "Lyrox.Framework.PathFinding\Lyrox.Framework.PathFinding.csproj", "{0A5337DE-3415-4308-99C5-7808B6C09054}"
EndProject
Project("{9A19103F-16F7-4668-BE54-9A1E7A4F7556}") = "Lyrox.Framework.Test", "Lyrox.Framework.Test\Lyrox.Framework.Test.csproj", "{A015DA21-394B-4829-B26F-0D598C18527F}"
EndProject
Project("{9A19103F-16F7-4668-BE54-9A1E7A4F7556}") = "Lyrox.Framework.Networking.Core", "Lyrox.Framework.Networking.Core\Lyrox.Framework.Networking.Core.csproj", "{9B782298-8AF4-485D-BAB6-DB77570BE294}"
EndProject
Project("{2150E333-8FDC-42A3-9474-1A3956D46DE8}") = "Plugins", "Plugins", "{111A4FEE-8CEB-47A8-93A2-D8FD322881BB}"
EndProject
Project("{9A19103F-16F7-4668-BE54-9A1E7A4F7556}") = "Lyrox.Plugins.WebView", "Lyrox.Plugins.WebView\Lyrox.Plugins.WebView.csproj", "{ADF722B6-F1A0-430C-8B87-8F1AEAC475AE}"
EndProject
Project("{2150E333-8FDC-42A3-9474-1A3956D46DE8}") = "WebView", "WebView", "{49E61B85-5433-41F7-93EE-B89DD358A45E}"
EndProject
Project("{2150E333-8FDC-42A3-9474-1A3956D46DE8}") = "Tools", "Tools", "{D39E218A-CD2D-4392-91BE-ECB878F3546B}"
EndProject
Project("{9A19103F-16F7-4668-BE54-9A1E7A4F7556}") = "Lyrox.Tools.StaticDataCombiner", "Lyrox.Tools.StaticDataCombiner\Lyrox.Tools.StaticDataCombiner.csproj", "{EA7074AF-A566-488E-B39F-F6C31716F784}"
EndProject
Project("{9A19103F-16F7-4668-BE54-9A1E7A4F7556}") = "Lyrox.Framework.StaticData", "Lyrox.Framework.StaticData\Lyrox.Framework.StaticData.csproj", "{42DAF315-981F-4A96-AED9-0277F2FE6E73}"
EndProject
Project("{9A19103F-16F7-4668-BE54-9A1E7A4F7556}") = "Lyrox.Framework.Messaging", "Lyrox.Framework.MessageBus\Lyrox.Framework.Messaging.csproj", "{C5A75A37-DDD7-4A44-9A13-3ACB66AC1259}"
EndProject
Project("{9A19103F-16F7-4668-BE54-9A1E7A4F7556}") = "Lyrox.Framework.Messaging.Test", "Lyrox.Framework.MessageBus.Test\Lyrox.Framework.Messaging.Test.csproj", "{D0C23F6E-67D0-4456-98D0-4CBC2703700F}"
EndProject
Project("{2150E333-8FDC-42A3-9474-1A3956D46DE8}") = "Messaging", "Messaging", "{0A091CC4-D179-49AD-B859-E1A093427945}"
EndProject
Project("{FAE04EC0-301F-11D3-BF4B-00C04F79EFBC}") = "Lyrox.Framework.Messaging.Abstraction", "Lyrox.Framework.Messaging.Abstraction\Lyrox.Framework.Messaging.Abstraction.csproj", "{D908C7D0-41FD-4891-A5B7-4C44915B6D79}"
EndProject
Global
	GlobalSection(SolutionConfigurationPlatforms) = preSolution
		Debug|Any CPU = Debug|Any CPU
		Release|Any CPU = Release|Any CPU
	EndGlobalSection
	GlobalSection(ProjectConfigurationPlatforms) = postSolution
		{AD331733-18B0-4280-B0C8-F3BAEB4C9D46}.Debug|Any CPU.ActiveCfg = Debug|Any CPU
		{AD331733-18B0-4280-B0C8-F3BAEB4C9D46}.Debug|Any CPU.Build.0 = Debug|Any CPU
		{AD331733-18B0-4280-B0C8-F3BAEB4C9D46}.Release|Any CPU.ActiveCfg = Release|Any CPU
		{AD331733-18B0-4280-B0C8-F3BAEB4C9D46}.Release|Any CPU.Build.0 = Release|Any CPU
		{E295199D-58E7-46E5-AC05-F72DE61CBD81}.Debug|Any CPU.ActiveCfg = Debug|Any CPU
		{E295199D-58E7-46E5-AC05-F72DE61CBD81}.Debug|Any CPU.Build.0 = Debug|Any CPU
		{E295199D-58E7-46E5-AC05-F72DE61CBD81}.Release|Any CPU.ActiveCfg = Release|Any CPU
		{E295199D-58E7-46E5-AC05-F72DE61CBD81}.Release|Any CPU.Build.0 = Release|Any CPU
		{145E13A0-059E-43C1-A9A7-B6423D8CD30F}.Debug|Any CPU.ActiveCfg = Debug|Any CPU
		{145E13A0-059E-43C1-A9A7-B6423D8CD30F}.Debug|Any CPU.Build.0 = Debug|Any CPU
		{145E13A0-059E-43C1-A9A7-B6423D8CD30F}.Release|Any CPU.ActiveCfg = Release|Any CPU
		{145E13A0-059E-43C1-A9A7-B6423D8CD30F}.Release|Any CPU.Build.0 = Release|Any CPU
		{23A69C27-E1AC-4B19-AAA8-5FD047929958}.Debug|Any CPU.ActiveCfg = Debug|Any CPU
		{23A69C27-E1AC-4B19-AAA8-5FD047929958}.Debug|Any CPU.Build.0 = Debug|Any CPU
		{23A69C27-E1AC-4B19-AAA8-5FD047929958}.Release|Any CPU.ActiveCfg = Release|Any CPU
		{23A69C27-E1AC-4B19-AAA8-5FD047929958}.Release|Any CPU.Build.0 = Release|Any CPU
		{5D4BD8F1-5668-451B-9785-AF66E2060B93}.Debug|Any CPU.ActiveCfg = Debug|Any CPU
		{5D4BD8F1-5668-451B-9785-AF66E2060B93}.Debug|Any CPU.Build.0 = Debug|Any CPU
		{5D4BD8F1-5668-451B-9785-AF66E2060B93}.Release|Any CPU.ActiveCfg = Release|Any CPU
		{5D4BD8F1-5668-451B-9785-AF66E2060B93}.Release|Any CPU.Build.0 = Release|Any CPU
		{706C8993-C7C8-4676-BA59-E095FA3D181F}.Debug|Any CPU.ActiveCfg = Debug|Any CPU
		{706C8993-C7C8-4676-BA59-E095FA3D181F}.Debug|Any CPU.Build.0 = Debug|Any CPU
		{706C8993-C7C8-4676-BA59-E095FA3D181F}.Release|Any CPU.ActiveCfg = Release|Any CPU
		{706C8993-C7C8-4676-BA59-E095FA3D181F}.Release|Any CPU.Build.0 = Release|Any CPU
		{7A4081CA-AB9A-4C50-86C5-1527B10AD658}.Debug|Any CPU.ActiveCfg = Debug|Any CPU
		{7A4081CA-AB9A-4C50-86C5-1527B10AD658}.Debug|Any CPU.Build.0 = Debug|Any CPU
		{7A4081CA-AB9A-4C50-86C5-1527B10AD658}.Release|Any CPU.ActiveCfg = Release|Any CPU
		{7A4081CA-AB9A-4C50-86C5-1527B10AD658}.Release|Any CPU.Build.0 = Release|Any CPU
		{FD5B1ECF-9209-4BB6-B3FC-24059510D740}.Debug|Any CPU.ActiveCfg = Debug|Any CPU
		{FD5B1ECF-9209-4BB6-B3FC-24059510D740}.Debug|Any CPU.Build.0 = Debug|Any CPU
		{FD5B1ECF-9209-4BB6-B3FC-24059510D740}.Release|Any CPU.ActiveCfg = Release|Any CPU
		{FD5B1ECF-9209-4BB6-B3FC-24059510D740}.Release|Any CPU.Build.0 = Release|Any CPU
		{00260B73-730B-4F0E-8061-E5772ECE873C}.Debug|Any CPU.ActiveCfg = Debug|Any CPU
		{00260B73-730B-4F0E-8061-E5772ECE873C}.Debug|Any CPU.Build.0 = Debug|Any CPU
		{00260B73-730B-4F0E-8061-E5772ECE873C}.Release|Any CPU.ActiveCfg = Release|Any CPU
		{00260B73-730B-4F0E-8061-E5772ECE873C}.Release|Any CPU.Build.0 = Release|Any CPU
		{686ED6C9-7575-41C4-8493-DF2D8BD6C6E7}.Debug|Any CPU.ActiveCfg = Debug|Any CPU
		{686ED6C9-7575-41C4-8493-DF2D8BD6C6E7}.Debug|Any CPU.Build.0 = Debug|Any CPU
		{686ED6C9-7575-41C4-8493-DF2D8BD6C6E7}.Release|Any CPU.ActiveCfg = Release|Any CPU
		{686ED6C9-7575-41C4-8493-DF2D8BD6C6E7}.Release|Any CPU.Build.0 = Release|Any CPU
		{4CEE93F5-D94B-42FC-BB99-927E92AAAAF3}.Debug|Any CPU.ActiveCfg = Debug|Any CPU
		{4CEE93F5-D94B-42FC-BB99-927E92AAAAF3}.Debug|Any CPU.Build.0 = Debug|Any CPU
		{4CEE93F5-D94B-42FC-BB99-927E92AAAAF3}.Release|Any CPU.ActiveCfg = Release|Any CPU
		{4CEE93F5-D94B-42FC-BB99-927E92AAAAF3}.Release|Any CPU.Build.0 = Release|Any CPU
		{0A5337DE-3415-4308-99C5-7808B6C09054}.Debug|Any CPU.ActiveCfg = Debug|Any CPU
		{0A5337DE-3415-4308-99C5-7808B6C09054}.Debug|Any CPU.Build.0 = Debug|Any CPU
		{0A5337DE-3415-4308-99C5-7808B6C09054}.Release|Any CPU.ActiveCfg = Release|Any CPU
		{0A5337DE-3415-4308-99C5-7808B6C09054}.Release|Any CPU.Build.0 = Release|Any CPU
		{A015DA21-394B-4829-B26F-0D598C18527F}.Debug|Any CPU.ActiveCfg = Debug|Any CPU
		{A015DA21-394B-4829-B26F-0D598C18527F}.Debug|Any CPU.Build.0 = Debug|Any CPU
		{A015DA21-394B-4829-B26F-0D598C18527F}.Release|Any CPU.ActiveCfg = Release|Any CPU
		{A015DA21-394B-4829-B26F-0D598C18527F}.Release|Any CPU.Build.0 = Release|Any CPU
		{9B782298-8AF4-485D-BAB6-DB77570BE294}.Debug|Any CPU.ActiveCfg = Debug|Any CPU
		{9B782298-8AF4-485D-BAB6-DB77570BE294}.Debug|Any CPU.Build.0 = Debug|Any CPU
		{9B782298-8AF4-485D-BAB6-DB77570BE294}.Release|Any CPU.ActiveCfg = Release|Any CPU
		{9B782298-8AF4-485D-BAB6-DB77570BE294}.Release|Any CPU.Build.0 = Release|Any CPU
		{ADF722B6-F1A0-430C-8B87-8F1AEAC475AE}.Debug|Any CPU.ActiveCfg = Debug|Any CPU
		{ADF722B6-F1A0-430C-8B87-8F1AEAC475AE}.Debug|Any CPU.Build.0 = Debug|Any CPU
		{ADF722B6-F1A0-430C-8B87-8F1AEAC475AE}.Release|Any CPU.ActiveCfg = Release|Any CPU
		{ADF722B6-F1A0-430C-8B87-8F1AEAC475AE}.Release|Any CPU.Build.0 = Release|Any CPU
		{EA7074AF-A566-488E-B39F-F6C31716F784}.Debug|Any CPU.ActiveCfg = Debug|Any CPU
		{EA7074AF-A566-488E-B39F-F6C31716F784}.Debug|Any CPU.Build.0 = Debug|Any CPU
		{EA7074AF-A566-488E-B39F-F6C31716F784}.Release|Any CPU.ActiveCfg = Release|Any CPU
		{EA7074AF-A566-488E-B39F-F6C31716F784}.Release|Any CPU.Build.0 = Release|Any CPU
		{42DAF315-981F-4A96-AED9-0277F2FE6E73}.Debug|Any CPU.ActiveCfg = Debug|Any CPU
		{42DAF315-981F-4A96-AED9-0277F2FE6E73}.Debug|Any CPU.Build.0 = Debug|Any CPU
		{42DAF315-981F-4A96-AED9-0277F2FE6E73}.Release|Any CPU.ActiveCfg = Release|Any CPU
		{42DAF315-981F-4A96-AED9-0277F2FE6E73}.Release|Any CPU.Build.0 = Release|Any CPU
		{C5A75A37-DDD7-4A44-9A13-3ACB66AC1259}.Debug|Any CPU.ActiveCfg = Debug|Any CPU
		{C5A75A37-DDD7-4A44-9A13-3ACB66AC1259}.Debug|Any CPU.Build.0 = Debug|Any CPU
		{C5A75A37-DDD7-4A44-9A13-3ACB66AC1259}.Release|Any CPU.ActiveCfg = Release|Any CPU
		{C5A75A37-DDD7-4A44-9A13-3ACB66AC1259}.Release|Any CPU.Build.0 = Release|Any CPU
		{D0C23F6E-67D0-4456-98D0-4CBC2703700F}.Debug|Any CPU.ActiveCfg = Debug|Any CPU
		{D0C23F6E-67D0-4456-98D0-4CBC2703700F}.Debug|Any CPU.Build.0 = Debug|Any CPU
		{D0C23F6E-67D0-4456-98D0-4CBC2703700F}.Release|Any CPU.ActiveCfg = Release|Any CPU
		{D0C23F6E-67D0-4456-98D0-4CBC2703700F}.Release|Any CPU.Build.0 = Release|Any CPU
		{D908C7D0-41FD-4891-A5B7-4C44915B6D79}.Debug|Any CPU.ActiveCfg = Debug|Any CPU
		{D908C7D0-41FD-4891-A5B7-4C44915B6D79}.Debug|Any CPU.Build.0 = Debug|Any CPU
		{D908C7D0-41FD-4891-A5B7-4C44915B6D79}.Release|Any CPU.ActiveCfg = Release|Any CPU
		{D908C7D0-41FD-4891-A5B7-4C44915B6D79}.Release|Any CPU.Build.0 = Release|Any CPU
	EndGlobalSection
	GlobalSection(SolutionProperties) = preSolution
		HideSolutionNode = FALSE
	EndGlobalSection
	GlobalSection(NestedProjects) = preSolution
		{AD331733-18B0-4280-B0C8-F3BAEB4C9D46} = {BA32D88F-714D-4EB4-8FE7-BDB6D91AB909}
		{E295199D-58E7-46E5-AC05-F72DE61CBD81} = {D942D6DE-6CF7-4D16-899F-1AE90E76A141}
		{145E13A0-059E-43C1-A9A7-B6423D8CD30F} = {A874C7B9-A9D6-4201-8B09-518A6168952D}
		{23A69C27-E1AC-4B19-AAA8-5FD047929958} = {BA32D88F-714D-4EB4-8FE7-BDB6D91AB909}
		{5D4BD8F1-5668-451B-9785-AF66E2060B93} = {BA32D88F-714D-4EB4-8FE7-BDB6D91AB909}
		{706C8993-C7C8-4676-BA59-E095FA3D181F} = {BA32D88F-714D-4EB4-8FE7-BDB6D91AB909}
		{7A4081CA-AB9A-4C50-86C5-1527B10AD658} = {BA32D88F-714D-4EB4-8FE7-BDB6D91AB909}
		{FD5B1ECF-9209-4BB6-B3FC-24059510D740} = {BA32D88F-714D-4EB4-8FE7-BDB6D91AB909}
		{00260B73-730B-4F0E-8061-E5772ECE873C} = {BA32D88F-714D-4EB4-8FE7-BDB6D91AB909}
		{686ED6C9-7575-41C4-8493-DF2D8BD6C6E7} = {BA32D88F-714D-4EB4-8FE7-BDB6D91AB909}
		{4CEE93F5-D94B-42FC-BB99-927E92AAAAF3} = {A874C7B9-A9D6-4201-8B09-518A6168952D}
		{A874C7B9-A9D6-4201-8B09-518A6168952D} = {BA32D88F-714D-4EB4-8FE7-BDB6D91AB909}
		{0A5337DE-3415-4308-99C5-7808B6C09054} = {BA32D88F-714D-4EB4-8FE7-BDB6D91AB909}
		{A015DA21-394B-4829-B26F-0D598C18527F} = {BA32D88F-714D-4EB4-8FE7-BDB6D91AB909}
		{9B782298-8AF4-485D-BAB6-DB77570BE294} = {A874C7B9-A9D6-4201-8B09-518A6168952D}
		{ADF722B6-F1A0-430C-8B87-8F1AEAC475AE} = {49E61B85-5433-41F7-93EE-B89DD358A45E}
		{49E61B85-5433-41F7-93EE-B89DD358A45E} = {111A4FEE-8CEB-47A8-93A2-D8FD322881BB}
		{EA7074AF-A566-488E-B39F-F6C31716F784} = {D39E218A-CD2D-4392-91BE-ECB878F3546B}
		{42DAF315-981F-4A96-AED9-0277F2FE6E73} = {BA32D88F-714D-4EB4-8FE7-BDB6D91AB909}
		{C5A75A37-DDD7-4A44-9A13-3ACB66AC1259} = {0A091CC4-D179-49AD-B859-E1A093427945}
		{D0C23F6E-67D0-4456-98D0-4CBC2703700F} = {0A091CC4-D179-49AD-B859-E1A093427945}
		{0A091CC4-D179-49AD-B859-E1A093427945} = {BA32D88F-714D-4EB4-8FE7-BDB6D91AB909}
		{D908C7D0-41FD-4891-A5B7-4C44915B6D79} = {0A091CC4-D179-49AD-B859-E1A093427945}
	EndGlobalSection
	GlobalSection(ExtensibilityGlobals) = postSolution
		SolutionGuid = {EBED1CD4-4008-4A7E-97E5-EBB867B0796F}
	EndGlobalSection
EndGlobal
