
Microsoft Visual Studio Solution File, Format Version 12.00
# Visual Studio Version 17
VisualStudioVersion = 17.2.32616.157
MinimumVisualStudioVersion = 10.0.40219.1
Project("{9A19103F-16F7-4668-BE54-9A1E7A4F7556}") = "Lyrox", "Lyrox\Lyrox.csproj", "{AD331733-18B0-4280-B0C8-F3BAEB4C9D46}"
EndProject
Project("{9A19103F-16F7-4668-BE54-9A1E7A4F7556}") = "Lyrox.Console", "Lyrox.Console\Lyrox.Console.csproj", "{E295199D-58E7-46E5-AC05-F72DE61CBD81}"
EndProject
Project("{9A19103F-16F7-4668-BE54-9A1E7A4F7556}") = "Lyrox.Networking", "Lyrox.Networking\Lyrox.Networking.csproj", "{145E13A0-059E-43C1-A9A7-B6423D8CD30F}"
EndProject
Project("{9A19103F-16F7-4668-BE54-9A1E7A4F7556}") = "Lyrox.Core", "Lyrox.Core\Lyrox.Core.csproj", "{23A69C27-E1AC-4B19-AAA8-5FD047929958}"
EndProject
Project("{9A19103F-16F7-4668-BE54-9A1E7A4F7556}") = "Lyrox.WorldData", "Lyrox.WorldData\Lyrox.WorldData.csproj", "{5D4BD8F1-5668-451B-9785-AF66E2060B93}"
EndProject
Project("{9A19103F-16F7-4668-BE54-9A1E7A4F7556}") = "Lyrox.Chat", "Lyrox.Chat\Lyrox.Chat.csproj", "{706C8993-C7C8-4676-BA59-E095FA3D181F}"
EndProject
Project("{9A19103F-16F7-4668-BE54-9A1E7A4F7556}") = "Lyrox.Test.Integration", "Lyrox.Test\Lyrox.Test.Integration.csproj", "{BF4C4E2F-80E1-46A8-8772-071CF5560DB9}"
EndProject
Project("{9A19103F-16F7-4668-BE54-9A1E7A4F7556}") = "Lyrox.Shared", "Lyrox.Shared\Lyrox.Shared.csproj", "{7A4081CA-AB9A-4C50-86C5-1527B10AD658}"
EndProject
Project("{2150E333-8FDC-42A3-9474-1A3956D46DE8}") = "Solution Items", "Solution Items", "{17D1F455-9732-4A42-A222-C6D9B78A0E8F}"
	ProjectSection(SolutionItems) = preProject
		.editorconfig = .editorconfig
	EndProjectSection
EndProject
Project("{2150E333-8FDC-42A3-9474-1A3956D46DE8}") = "Framework", "Framework", "{BA32D88F-714D-4EB4-8FE7-BDB6D91AB909}"
EndProject
Project("{2150E333-8FDC-42A3-9474-1A3956D46DE8}") = "Bot", "Bot", "{D942D6DE-6CF7-4D16-899F-1AE90E76A141}"
EndProject
Project("{9A19103F-16F7-4668-BE54-9A1E7A4F7556}") = "Lyrox.Actions", "Lyrox.Actions\Lyrox.Actions.csproj", "{FD5B1ECF-9209-4BB6-B3FC-24059510D740}"
EndProject
Project("{9A19103F-16F7-4668-BE54-9A1E7A4F7556}") = "Lyrox.Movement", "Lyrox.Movement\Lyrox.Movement.csproj", "{00260B73-730B-4F0E-8061-E5772ECE873C}"
EndProject
Project("{9A19103F-16F7-4668-BE54-9A1E7A4F7556}") = "Lyrox.Inventory", "Lyrox.Inventory\Lyrox.Inventory.csproj", "{686ED6C9-7575-41C4-8493-DF2D8BD6C6E7}"
EndProject
Project("{9A19103F-16F7-4668-BE54-9A1E7A4F7556}") = "Lyrox.Entities", "Lyrox.Entities\Lyrox.Entities.csproj", "{B01B0794-E4AF-4C46-9364-205CAC4E856C}"
EndProject
Project("{9A19103F-16F7-4668-BE54-9A1E7A4F7556}") = "Lyrox.Networking.Mojang", "Lyrox.Networking.Mojang\Lyrox.Networking.Mojang.csproj", "{4CEE93F5-D94B-42FC-BB99-927E92AAAAF3}"
EndProject
Project("{2150E333-8FDC-42A3-9474-1A3956D46DE8}") = "Networking", "Networking", "{A874C7B9-A9D6-4201-8B09-518A6168952D}"
EndProject
Project("{2150E333-8FDC-42A3-9474-1A3956D46DE8}") = "Chat", "Chat", "{4859005A-5D9F-4FD1-9C58-52E09F32A556}"
EndProject
Project("{2150E333-8FDC-42A3-9474-1A3956D46DE8}") = "WorldData", "WorldData", "{19086E68-F9A7-40D2-8729-7624B22413E5}"
EndProject
Project("{2150E333-8FDC-42A3-9474-1A3956D46DE8}") = "Entities", "Entities", "{27666B9F-1040-4D41-A8F2-988B418AE219}"
EndProject
Project("{2150E333-8FDC-42A3-9474-1A3956D46DE8}") = "Test", "Test", "{4D53C529-45D4-4ED3-8069-41BDAC559536}"
EndProject
Project("{9A19103F-16F7-4668-BE54-9A1E7A4F7556}") = "Lyrox.PathFinding", "Lyrox.PathFinding\Lyrox.PathFinding.csproj", "{0A5337DE-3415-4308-99C5-7808B6C09054}"
EndProject
Project("{9A19103F-16F7-4668-BE54-9A1E7A4F7556}") = "Lyrox.Test.Unit", "Lyrox.Test.Unit\Lyrox.Test.Unit.csproj", "{A015DA21-394B-4829-B26F-0D598C18527F}"
EndProject
Project("{2150E333-8FDC-42A3-9474-1A3956D46DE8}") = "Inventory", "Inventory", "{2FF35B1F-670A-4E5F-8140-4EC4B673ED75}"
EndProject
Project("{2150E333-8FDC-42A3-9474-1A3956D46DE8}") = "Movement", "Movement", "{75C2D489-9908-4376-9166-5236B0EDD045}"
EndProject
Project("{2150E333-8FDC-42A3-9474-1A3956D46DE8}") = "Core", "Core", "{207E4823-0DFF-4BE9-8E1A-BD2BF27D1376}"
EndProject
Project("{9A19103F-16F7-4668-BE54-9A1E7A4F7556}") = "Lyrox.Networking.Core", "Networking.Core\Lyrox.Networking.Core.csproj", "{9B782298-8AF4-485D-BAB6-DB77570BE294}"
EndProject
Global
	GlobalSection(SolutionConfigurationPlatforms) = preSolution
		Debug|Any CPU = Debug|Any CPU
		Release|Any CPU = Release|Any CPU
	EndGlobalSection
	GlobalSection(ProjectConfigurationPlatforms) = postSolution
		{AD331733-18B0-4280-B0C8-F3BAEB4C9D46}.Debug|Any CPU.ActiveCfg = Debug|Any CPU
		{AD331733-18B0-4280-B0C8-F3BAEB4C9D46}.Debug|Any CPU.Build.0 = Debug|Any CPU
		{AD331733-18B0-4280-B0C8-F3BAEB4C9D46}.Release|Any CPU.ActiveCfg = Release|Any CPU
		{AD331733-18B0-4280-B0C8-F3BAEB4C9D46}.Release|Any CPU.Build.0 = Release|Any CPU
		{E295199D-58E7-46E5-AC05-F72DE61CBD81}.Debug|Any CPU.ActiveCfg = Debug|Any CPU
		{E295199D-58E7-46E5-AC05-F72DE61CBD81}.Debug|Any CPU.Build.0 = Debug|Any CPU
		{E295199D-58E7-46E5-AC05-F72DE61CBD81}.Release|Any CPU.ActiveCfg = Release|Any CPU
		{E295199D-58E7-46E5-AC05-F72DE61CBD81}.Release|Any CPU.Build.0 = Release|Any CPU
		{145E13A0-059E-43C1-A9A7-B6423D8CD30F}.Debug|Any CPU.ActiveCfg = Debug|Any CPU
		{145E13A0-059E-43C1-A9A7-B6423D8CD30F}.Debug|Any CPU.Build.0 = Debug|Any CPU
		{145E13A0-059E-43C1-A9A7-B6423D8CD30F}.Release|Any CPU.ActiveCfg = Release|Any CPU
		{145E13A0-059E-43C1-A9A7-B6423D8CD30F}.Release|Any CPU.Build.0 = Release|Any CPU
		{23A69C27-E1AC-4B19-AAA8-5FD047929958}.Debug|Any CPU.ActiveCfg = Debug|Any CPU
		{23A69C27-E1AC-4B19-AAA8-5FD047929958}.Debug|Any CPU.Build.0 = Debug|Any CPU
		{23A69C27-E1AC-4B19-AAA8-5FD047929958}.Release|Any CPU.ActiveCfg = Release|Any CPU
		{23A69C27-E1AC-4B19-AAA8-5FD047929958}.Release|Any CPU.Build.0 = Release|Any CPU
		{5D4BD8F1-5668-451B-9785-AF66E2060B93}.Debug|Any CPU.ActiveCfg = Debug|Any CPU
		{5D4BD8F1-5668-451B-9785-AF66E2060B93}.Debug|Any CPU.Build.0 = Debug|Any CPU
		{5D4BD8F1-5668-451B-9785-AF66E2060B93}.Release|Any CPU.ActiveCfg = Release|Any CPU
		{5D4BD8F1-5668-451B-9785-AF66E2060B93}.Release|Any CPU.Build.0 = Release|Any CPU
		{706C8993-C7C8-4676-BA59-E095FA3D181F}.Debug|Any CPU.ActiveCfg = Debug|Any CPU
		{706C8993-C7C8-4676-BA59-E095FA3D181F}.Debug|Any CPU.Build.0 = Debug|Any CPU
		{706C8993-C7C8-4676-BA59-E095FA3D181F}.Release|Any CPU.ActiveCfg = Release|Any CPU
		{706C8993-C7C8-4676-BA59-E095FA3D181F}.Release|Any CPU.Build.0 = Release|Any CPU
		{BF4C4E2F-80E1-46A8-8772-071CF5560DB9}.Debug|Any CPU.ActiveCfg = Debug|Any CPU
		{BF4C4E2F-80E1-46A8-8772-071CF5560DB9}.Debug|Any CPU.Build.0 = Debug|Any CPU
		{BF4C4E2F-80E1-46A8-8772-071CF5560DB9}.Release|Any CPU.ActiveCfg = Release|Any CPU
		{BF4C4E2F-80E1-46A8-8772-071CF5560DB9}.Release|Any CPU.Build.0 = Release|Any CPU
		{7A4081CA-AB9A-4C50-86C5-1527B10AD658}.Debug|Any CPU.ActiveCfg = Debug|Any CPU
		{7A4081CA-AB9A-4C50-86C5-1527B10AD658}.Debug|Any CPU.Build.0 = Debug|Any CPU
		{7A4081CA-AB9A-4C50-86C5-1527B10AD658}.Release|Any CPU.ActiveCfg = Release|Any CPU
		{7A4081CA-AB9A-4C50-86C5-1527B10AD658}.Release|Any CPU.Build.0 = Release|Any CPU
		{FD5B1ECF-9209-4BB6-B3FC-24059510D740}.Debug|Any CPU.ActiveCfg = Debug|Any CPU
		{FD5B1ECF-9209-4BB6-B3FC-24059510D740}.Debug|Any CPU.Build.0 = Debug|Any CPU
		{FD5B1ECF-9209-4BB6-B3FC-24059510D740}.Release|Any CPU.ActiveCfg = Release|Any CPU
		{FD5B1ECF-9209-4BB6-B3FC-24059510D740}.Release|Any CPU.Build.0 = Release|Any CPU
		{00260B73-730B-4F0E-8061-E5772ECE873C}.Debug|Any CPU.ActiveCfg = Debug|Any CPU
		{00260B73-730B-4F0E-8061-E5772ECE873C}.Debug|Any CPU.Build.0 = Debug|Any CPU
		{00260B73-730B-4F0E-8061-E5772ECE873C}.Release|Any CPU.ActiveCfg = Release|Any CPU
		{00260B73-730B-4F0E-8061-E5772ECE873C}.Release|Any CPU.Build.0 = Release|Any CPU
		{686ED6C9-7575-41C4-8493-DF2D8BD6C6E7}.Debug|Any CPU.ActiveCfg = Debug|Any CPU
		{686ED6C9-7575-41C4-8493-DF2D8BD6C6E7}.Debug|Any CPU.Build.0 = Debug|Any CPU
		{686ED6C9-7575-41C4-8493-DF2D8BD6C6E7}.Release|Any CPU.ActiveCfg = Release|Any CPU
		{686ED6C9-7575-41C4-8493-DF2D8BD6C6E7}.Release|Any CPU.Build.0 = Release|Any CPU
		{B01B0794-E4AF-4C46-9364-205CAC4E856C}.Debug|Any CPU.ActiveCfg = Debug|Any CPU
		{B01B0794-E4AF-4C46-9364-205CAC4E856C}.Debug|Any CPU.Build.0 = Debug|Any CPU
		{B01B0794-E4AF-4C46-9364-205CAC4E856C}.Release|Any CPU.ActiveCfg = Release|Any CPU
		{B01B0794-E4AF-4C46-9364-205CAC4E856C}.Release|Any CPU.Build.0 = Release|Any CPU
		{4CEE93F5-D94B-42FC-BB99-927E92AAAAF3}.Debug|Any CPU.ActiveCfg = Debug|Any CPU
		{4CEE93F5-D94B-42FC-BB99-927E92AAAAF3}.Debug|Any CPU.Build.0 = Debug|Any CPU
		{4CEE93F5-D94B-42FC-BB99-927E92AAAAF3}.Release|Any CPU.ActiveCfg = Release|Any CPU
		{4CEE93F5-D94B-42FC-BB99-927E92AAAAF3}.Release|Any CPU.Build.0 = Release|Any CPU
		{0A5337DE-3415-4308-99C5-7808B6C09054}.Debug|Any CPU.ActiveCfg = Debug|Any CPU
		{0A5337DE-3415-4308-99C5-7808B6C09054}.Debug|Any CPU.Build.0 = Debug|Any CPU
		{0A5337DE-3415-4308-99C5-7808B6C09054}.Release|Any CPU.ActiveCfg = Release|Any CPU
		{0A5337DE-3415-4308-99C5-7808B6C09054}.Release|Any CPU.Build.0 = Release|Any CPU
		{A015DA21-394B-4829-B26F-0D598C18527F}.Debug|Any CPU.ActiveCfg = Debug|Any CPU
		{A015DA21-394B-4829-B26F-0D598C18527F}.Debug|Any CPU.Build.0 = Debug|Any CPU
		{A015DA21-394B-4829-B26F-0D598C18527F}.Release|Any CPU.ActiveCfg = Release|Any CPU
		{A015DA21-394B-4829-B26F-0D598C18527F}.Release|Any CPU.Build.0 = Release|Any CPU
		{9B782298-8AF4-485D-BAB6-DB77570BE294}.Debug|Any CPU.ActiveCfg = Debug|Any CPU
		{9B782298-8AF4-485D-BAB6-DB77570BE294}.Debug|Any CPU.Build.0 = Debug|Any CPU
		{9B782298-8AF4-485D-BAB6-DB77570BE294}.Release|Any CPU.ActiveCfg = Release|Any CPU
		{9B782298-8AF4-485D-BAB6-DB77570BE294}.Release|Any CPU.Build.0 = Release|Any CPU
	EndGlobalSection
	GlobalSection(SolutionProperties) = preSolution
		HideSolutionNode = FALSE
	EndGlobalSection
	GlobalSection(NestedProjects) = preSolution
		{AD331733-18B0-4280-B0C8-F3BAEB4C9D46} = {BA32D88F-714D-4EB4-8FE7-BDB6D91AB909}
		{E295199D-58E7-46E5-AC05-F72DE61CBD81} = {D942D6DE-6CF7-4D16-899F-1AE90E76A141}
		{145E13A0-059E-43C1-A9A7-B6423D8CD30F} = {A874C7B9-A9D6-4201-8B09-518A6168952D}
		{23A69C27-E1AC-4B19-AAA8-5FD047929958} = {207E4823-0DFF-4BE9-8E1A-BD2BF27D1376}
		{5D4BD8F1-5668-451B-9785-AF66E2060B93} = {19086E68-F9A7-40D2-8729-7624B22413E5}
		{706C8993-C7C8-4676-BA59-E095FA3D181F} = {4859005A-5D9F-4FD1-9C58-52E09F32A556}
		{BF4C4E2F-80E1-46A8-8772-071CF5560DB9} = {4D53C529-45D4-4ED3-8069-41BDAC559536}
		{7A4081CA-AB9A-4C50-86C5-1527B10AD658} = {BA32D88F-714D-4EB4-8FE7-BDB6D91AB909}
		{FD5B1ECF-9209-4BB6-B3FC-24059510D740} = {BA32D88F-714D-4EB4-8FE7-BDB6D91AB909}
		{00260B73-730B-4F0E-8061-E5772ECE873C} = {75C2D489-9908-4376-9166-5236B0EDD045}
		{686ED6C9-7575-41C4-8493-DF2D8BD6C6E7} = {2FF35B1F-670A-4E5F-8140-4EC4B673ED75}
		{B01B0794-E4AF-4C46-9364-205CAC4E856C} = {27666B9F-1040-4D41-A8F2-988B418AE219}
		{4CEE93F5-D94B-42FC-BB99-927E92AAAAF3} = {A874C7B9-A9D6-4201-8B09-518A6168952D}
		{A874C7B9-A9D6-4201-8B09-518A6168952D} = {BA32D88F-714D-4EB4-8FE7-BDB6D91AB909}
		{4859005A-5D9F-4FD1-9C58-52E09F32A556} = {BA32D88F-714D-4EB4-8FE7-BDB6D91AB909}
		{19086E68-F9A7-40D2-8729-7624B22413E5} = {BA32D88F-714D-4EB4-8FE7-BDB6D91AB909}
		{27666B9F-1040-4D41-A8F2-988B418AE219} = {BA32D88F-714D-4EB4-8FE7-BDB6D91AB909}
		{4D53C529-45D4-4ED3-8069-41BDAC559536} = {BA32D88F-714D-4EB4-8FE7-BDB6D91AB909}
		{0A5337DE-3415-4308-99C5-7808B6C09054} = {BA32D88F-714D-4EB4-8FE7-BDB6D91AB909}
		{A015DA21-394B-4829-B26F-0D598C18527F} = {4D53C529-45D4-4ED3-8069-41BDAC559536}
		{2FF35B1F-670A-4E5F-8140-4EC4B673ED75} = {BA32D88F-714D-4EB4-8FE7-BDB6D91AB909}
		{75C2D489-9908-4376-9166-5236B0EDD045} = {BA32D88F-714D-4EB4-8FE7-BDB6D91AB909}
		{207E4823-0DFF-4BE9-8E1A-BD2BF27D1376} = {BA32D88F-714D-4EB4-8FE7-BDB6D91AB909}
		{9B782298-8AF4-485D-BAB6-DB77570BE294} = {A874C7B9-A9D6-4201-8B09-518A6168952D}
	EndGlobalSection
	GlobalSection(ExtensibilityGlobals) = postSolution
		SolutionGuid = {EBED1CD4-4008-4A7E-97E5-EBB867B0796F}
	EndGlobalSection
EndGlobal
